<?xml version="1.0" encoding="utf-8"?>
<Project ToolsVersion="4.0" xmlns="http://schemas.microsoft.com/developer/msbuild/2003">
  <ItemGroup>
    <Filter Include="include">
      <UniqueIdentifier>{36F5B2A2-528F-5341-A00B-88BE38AD0B9F}</UniqueIdentifier>
    </Filter>
    <Filter Include="src">
      <UniqueIdentifier>{64839857-88CA-D342-B943-3BBD65E6D787}</UniqueIdentifier>
    </Filter>
  </ItemGroup>
  <ItemGroup>
    <ClInclude Include="include\char_arrays.h">
      <Filter>include</Filter>
    </ClInclude>
    <ClInclude Include="include\class_from_stack.h">
      <Filter>include</Filter>
    </ClInclude>
    <ClInclude Include="include\default_trait_caller.h">
      <Filter>include</Filter>
    </ClInclude>
    <ClInclude Include="include\dsl_va_args.h">
      <Filter>include</Filter>
    </ClInclude>
    <ClInclude Include="include\lua_includes.h">
      <Filter>include</Filter>
    </ClInclude>
    <ClInclude Include="include\lvd_types.h">
      <Filter>include</Filter>
    </ClInclude>
    <ClInclude Include="include\lvd_type_traits.h">
      <Filter>include</Filter>
    </ClInclude>
    <ClInclude Include="include\oolua.h">
      <Filter>include</Filter>
    </ClInclude>
    <ClInclude Include="include\oolua_boilerplate.h">
      <Filter>include</Filter>
    </ClInclude>
    <ClInclude Include="include\oolua_check_result.h">
      <Filter>include</Filter>
    </ClInclude>
    <ClInclude Include="include\oolua_chunk.h">
      <Filter>include</Filter>
    </ClInclude>
    <ClInclude Include="include\oolua_config.h">
      <Filter>include</Filter>
    </ClInclude>
    <ClInclude Include="include\oolua_dsl.h">
      <Filter>include</Filter>
    </ClInclude>
    <ClInclude Include="include\oolua_dsl_export.h">
      <Filter>include</Filter>
    </ClInclude>
    <ClInclude Include="include\oolua_error.h">
      <Filter>include</Filter>
    </ClInclude>
    <ClInclude Include="include\oolua_exception.h">
      <Filter>include</Filter>
    </ClInclude>
    <ClInclude Include="include\oolua_function.h">
      <Filter>include</Filter>
    </ClInclude>
    <ClInclude Include="include\oolua_helpers.h">
      <Filter>include</Filter>
    </ClInclude>
    <ClInclude Include="include\oolua_open.h">
      <Filter>include</Filter>
    </ClInclude>
    <ClInclude Include="include\oolua_pull.h">
      <Filter>include</Filter>
    </ClInclude>
    <ClInclude Include="include\oolua_push.h">
      <Filter>include</Filter>
    </ClInclude>
    <ClInclude Include="include\oolua_ref.h">
      <Filter>include</Filter>
    </ClInclude>
    <ClInclude Include="include\oolua_registration.h">
      <Filter>include</Filter>
    </ClInclude>
    <ClInclude Include="include\oolua_registration_fwd.h">
      <Filter>include</Filter>
    </ClInclude>
    <ClInclude Include="include\oolua_script.h">
      <Filter>include</Filter>
    </ClInclude>
    <ClInclude Include="include\oolua_stack.h">
      <Filter>include</Filter>
    </ClInclude>
    <ClInclude Include="include\oolua_stack_dump.h">
      <Filter>include</Filter>
    </ClInclude>
    <ClInclude Include="include\oolua_stack_fwd.h">
      <Filter>include</Filter>
    </ClInclude>
    <ClInclude Include="include\oolua_string.h">
      <Filter>include</Filter>
    </ClInclude>
    <ClInclude Include="include\oolua_table.h">
      <Filter>include</Filter>
    </ClInclude>
    <ClInclude Include="include\oolua_traits.h">
      <Filter>include</Filter>
    </ClInclude>
    <ClInclude Include="include\oolua_traits_fwd.h">
      <Filter>include</Filter>
    </ClInclude>
    <ClInclude Include="include\oolua_version.h">
      <Filter>include</Filter>
    </ClInclude>
    <ClInclude Include="include\platform_check.h">
      <Filter>include</Filter>
    </ClInclude>
    <ClInclude Include="include\proxy_base_checker.h">
      <Filter>include</Filter>
    </ClInclude>
    <ClInclude Include="include\proxy_caller.h">
      <Filter>include</Filter>
    </ClInclude>
    <ClInclude Include="include\proxy_class.h">
      <Filter>include</Filter>
    </ClInclude>
    <ClInclude Include="include\proxy_constructor.h">
      <Filter>include</Filter>
    </ClInclude>
    <ClInclude Include="include\proxy_constructor_param_tester.h">
      <Filter>include</Filter>
    </ClInclude>
    <ClInclude Include="include\proxy_function_dispatch.h">
      <Filter>include</Filter>
    </ClInclude>
    <ClInclude Include="include\proxy_function_exports.h">
      <Filter>include</Filter>
    </ClInclude>
    <ClInclude Include="include\proxy_member_function.h">
      <Filter>include</Filter>
    </ClInclude>
    <ClInclude Include="include\proxy_none_member_function.h">
      <Filter>include</Filter>
    </ClInclude>
    <ClInclude Include="include\proxy_operators.h">
      <Filter>include</Filter>
    </ClInclude>
    <ClInclude Include="include\proxy_public_member.h">
      <Filter>include</Filter>
    </ClInclude>
    <ClInclude Include="include\proxy_stack_helper.h">
      <Filter>include</Filter>
    </ClInclude>
    <ClInclude Include="include\proxy_storage.h">
      <Filter>include</Filter>
    </ClInclude>
    <ClInclude Include="include\proxy_tags.h">
      <Filter>include</Filter>
    </ClInclude>
    <ClInclude Include="include\proxy_tag_info.h">
      <Filter>include</Filter>
    </ClInclude>
    <ClInclude Include="include\proxy_test.h">
      <Filter>include</Filter>
    </ClInclude>
    <ClInclude Include="include\proxy_userdata.h">
      <Filter>include</Filter>
    </ClInclude>
    <ClInclude Include="include\push_pointer_internal.h">
      <Filter>include</Filter>
    </ClInclude>
    <ClInclude Include="include\stack_get.h">
      <Filter>include</Filter>
    </ClInclude>
    <ClInclude Include="include\typelist_structs.h">
      <Filter>include</Filter>
    </ClInclude>
    <ClInclude Include="include\type_converters.h">
      <Filter>include</Filter>
    </ClInclude>
    <ClInclude Include="include\type_list.h">
      <Filter>include</Filter>
    </ClInclude>
  </ItemGroup>
  <ItemGroup>
    <ClCompile Include="src\class_from_stack.cpp">
      <Filter>src</Filter>
    </ClCompile>
    <ClCompile Include="src\oolua.cpp">
      <Filter>src</Filter>
    </ClCompile>
    <ClCompile Include="src\oolua_check_result.cpp">
      <Filter>src</Filter>
    </ClCompile>
    <ClCompile Include="src\oolua_chunk.cpp">
      <Filter>src</Filter>
    </ClCompile>
    <ClCompile Include="src\oolua_error.cpp">
      <Filter>src</Filter>
    </ClCompile>
    <ClCompile Include="src\oolua_exception.cpp">
      <Filter>src</Filter>
    </ClCompile>
    <ClCompile Include="src\oolua_function.cpp">
      <Filter>src</Filter>
    </ClCompile>
    <ClCompile Include="src\oolua_helpers.cpp">
      <Filter>src</Filter>
    </ClCompile>
    <ClCompile Include="src\oolua_open.cpp">
      <Filter>src</Filter>
    </ClCompile>
    <ClCompile Include="src\oolua_pull.cpp">
      <Filter>src</Filter>
    </ClCompile>
    <ClCompile Include="src\oolua_push.cpp">
      <Filter>src</Filter>
    </ClCompile>
    <ClCompile Include="src\oolua_ref.cpp">
      <Filter>src</Filter>
    </ClCompile>
    <ClCompile Include="src\oolua_registration.cpp">
      <Filter>src</Filter>
    </ClCompile>
    <ClCompile Include="src\oolua_script.cpp">
      <Filter>src</Filter>
    </ClCompile>
    <ClCompile Include="src\oolua_stack_dump.cpp">
      <Filter>src</Filter>
    </ClCompile>
    <ClCompile Include="src\oolua_string.cpp">
      <Filter>src</Filter>
    </ClCompile>
    <ClCompile Include="src\oolua_table.cpp">
      <Filter>src</Filter>
    </ClCompile>
    <ClCompile Include="src\proxy_storage.cpp">
      <Filter>src</Filter>
    </ClCompile>
    <ClCompile Include="src\push_pointer_internal.cpp">
      <Filter>src</Filter>
    </ClCompile>
    <ClCompile Include="src\stack_get.cpp">
      <Filter>src</Filter>
    </ClCompile>
  </ItemGroup>
</Project>
