<?xml version="1.0" encoding="utf-8"?>
<Project ToolsVersion="4.0" xmlns="http://schemas.microsoft.com/developer/msbuild/2003">
  <ItemGroup>
    <Filter Include="shared">
      <UniqueIdentifier>{699396FA-30E9-AC41-A567-B7E9B85E01B5}</UniqueIdentifier>
    </Filter>
    <Filter Include="src">
      <UniqueIdentifier>{41E8C246-98B3-4F4A-9BA8-1B1E9BC74996}</UniqueIdentifier>
    </Filter>
    <Filter Include="include">
      <UniqueIdentifier>{1E2C8482-BDC8-2645-B48D-290FC3A602A2}</UniqueIdentifier>
    </Filter>
    <Filter Include="test_classes">
      <UniqueIdentifier>{40AF8F6A-B074-A640-8958-AECC40A333B1}</UniqueIdentifier>
    </Filter>
    <Filter Include="cpp_classes">
      <UniqueIdentifier>{2E1BFAAC-2C94-5241-92ED-692EEB90C21B}</UniqueIdentifier>
    </Filter>
    <Filter Include="bind_classes">
      <UniqueIdentifier>{7E409370-BE19-0A41-8960-D58E1AC9BA56}</UniqueIdentifier>
    </Filter>
  </ItemGroup>
  <ItemGroup>
    <ClInclude Include="..\include\char_arrays.h">
      <Filter>include</Filter>
    </ClInclude>
    <ClInclude Include="..\include\class_from_stack.h">
      <Filter>include</Filter>
    </ClInclude>
    <ClInclude Include="..\include\default_trait_caller.h">
      <Filter>include</Filter>
    </ClInclude>
    <ClInclude Include="..\include\dsl_va_args.h">
      <Filter>include</Filter>
    </ClInclude>
    <ClInclude Include="..\include\lua_includes.h">
      <Filter>include</Filter>
    </ClInclude>
    <ClInclude Include="..\include\lvd_types.h">
      <Filter>include</Filter>
    </ClInclude>
    <ClInclude Include="..\include\lvd_type_traits.h">
      <Filter>include</Filter>
    </ClInclude>
    <ClInclude Include="..\include\oolua.h">
      <Filter>include</Filter>
    </ClInclude>
    <ClInclude Include="..\include\oolua_boilerplate.h">
      <Filter>include</Filter>
    </ClInclude>
    <ClInclude Include="..\include\oolua_check_result.h">
      <Filter>include</Filter>
    </ClInclude>
    <ClInclude Include="..\include\oolua_chunk.h">
      <Filter>include</Filter>
    </ClInclude>
    <ClInclude Include="..\include\oolua_config.h">
      <Filter>include</Filter>
    </ClInclude>
    <ClInclude Include="..\include\oolua_dsl.h">
      <Filter>include</Filter>
    </ClInclude>
    <ClInclude Include="..\include\oolua_dsl_export.h">
      <Filter>include</Filter>
    </ClInclude>
    <ClInclude Include="..\include\oolua_error.h">
      <Filter>include</Filter>
    </ClInclude>
    <ClInclude Include="..\include\oolua_exception.h">
      <Filter>include</Filter>
    </ClInclude>
    <ClInclude Include="..\include\oolua_function.h">
      <Filter>include</Filter>
    </ClInclude>
    <ClInclude Include="..\include\oolua_helpers.h">
      <Filter>include</Filter>
    </ClInclude>
    <ClInclude Include="..\include\oolua_open.h">
      <Filter>include</Filter>
    </ClInclude>
    <ClInclude Include="..\include\oolua_pull.h">
      <Filter>include</Filter>
    </ClInclude>
    <ClInclude Include="..\include\oolua_push.h">
      <Filter>include</Filter>
    </ClInclude>
    <ClInclude Include="..\include\oolua_ref.h">
      <Filter>include</Filter>
    </ClInclude>
    <ClInclude Include="..\include\oolua_registration.h">
      <Filter>include</Filter>
    </ClInclude>
    <ClInclude Include="..\include\oolua_registration_fwd.h">
      <Filter>include</Filter>
    </ClInclude>
    <ClInclude Include="..\include\oolua_script.h">
      <Filter>include</Filter>
    </ClInclude>
    <ClInclude Include="..\include\oolua_stack.h">
      <Filter>include</Filter>
    </ClInclude>
    <ClInclude Include="..\include\oolua_stack_dump.h">
      <Filter>include</Filter>
    </ClInclude>
    <ClInclude Include="..\include\oolua_stack_fwd.h">
      <Filter>include</Filter>
    </ClInclude>
    <ClInclude Include="..\include\oolua_string.h">
      <Filter>include</Filter>
    </ClInclude>
    <ClInclude Include="..\include\oolua_table.h">
      <Filter>include</Filter>
    </ClInclude>
    <ClInclude Include="..\include\oolua_traits.h">
      <Filter>include</Filter>
    </ClInclude>
    <ClInclude Include="..\include\oolua_traits_fwd.h">
      <Filter>include</Filter>
    </ClInclude>
    <ClInclude Include="..\include\oolua_version.h">
      <Filter>include</Filter>
    </ClInclude>
    <ClInclude Include="..\include\platform_check.h">
      <Filter>include</Filter>
    </ClInclude>
    <ClInclude Include="..\include\proxy_base_checker.h">
      <Filter>include</Filter>
    </ClInclude>
    <ClInclude Include="..\include\proxy_caller.h">
      <Filter>include</Filter>
    </ClInclude>
    <ClInclude Include="..\include\proxy_class.h">
      <Filter>include</Filter>
    </ClInclude>
    <ClInclude Include="..\include\proxy_constructor.h">
      <Filter>include</Filter>
    </ClInclude>
    <ClInclude Include="..\include\proxy_constructor_param_tester.h">
      <Filter>include</Filter>
    </ClInclude>
    <ClInclude Include="..\include\proxy_function_dispatch.h">
      <Filter>include</Filter>
    </ClInclude>
    <ClInclude Include="..\include\proxy_function_exports.h">
      <Filter>include</Filter>
    </ClInclude>
    <ClInclude Include="..\include\proxy_member_function.h">
      <Filter>include</Filter>
    </ClInclude>
    <ClInclude Include="..\include\proxy_none_member_function.h">
      <Filter>include</Filter>
    </ClInclude>
    <ClInclude Include="..\include\proxy_operators.h">
      <Filter>include</Filter>
    </ClInclude>
    <ClInclude Include="..\include\proxy_public_member.h">
      <Filter>include</Filter>
    </ClInclude>
    <ClInclude Include="..\include\proxy_stack_helper.h">
      <Filter>include</Filter>
    </ClInclude>
    <ClInclude Include="..\include\proxy_storage.h">
      <Filter>include</Filter>
    </ClInclude>
    <ClInclude Include="..\include\proxy_tags.h">
      <Filter>include</Filter>
    </ClInclude>
    <ClInclude Include="..\include\proxy_tag_info.h">
      <Filter>include</Filter>
    </ClInclude>
    <ClInclude Include="..\include\proxy_test.h">
      <Filter>include</Filter>
    </ClInclude>
    <ClInclude Include="..\include\proxy_userdata.h">
      <Filter>include</Filter>
    </ClInclude>
    <ClInclude Include="..\include\push_pointer_internal.h">
      <Filter>include</Filter>
    </ClInclude>
    <ClInclude Include="..\include\stack_get.h">
      <Filter>include</Filter>
    </ClInclude>
    <ClInclude Include="..\include\typelist_structs.h">
      <Filter>include</Filter>
    </ClInclude>
    <ClInclude Include="..\include\type_converters.h">
      <Filter>include</Filter>
    </ClInclude>
    <ClInclude Include="..\include\type_list.h">
      <Filter>include</Filter>
    </ClInclude>
    <ClInclude Include="test_classes\common_cppunit_headers.h">
      <Filter>test_classes</Filter>
    </ClInclude>
    <ClInclude Include="cpp_classes\cpp_stub_classes.h">
      <Filter>cpp_classes</Filter>
    </ClInclude>
    <ClInclude Include="bind_classes\expose_stub_classes.h">
      <Filter>bind_classes</Filter>
    </ClInclude>
    <ClInclude Include="cpp_classes\cpp_constructor_mock.h">
      <Filter>cpp_classes</Filter>
    </ClInclude>
    <ClInclude Include="bind_classes\expose_class_constructors.h">
      <Filter>bind_classes</Filter>
    </ClInclude>
    <ClInclude Include="cpp_classes\cpp_class_ops.h">
      <Filter>cpp_classes</Filter>
    </ClInclude>
    <ClInclude Include="bind_classes\expose_class_ops.h">
      <Filter>bind_classes</Filter>
    </ClInclude>
    <ClInclude Include="cpp_classes\cpp_hierarchy.h">
      <Filter>cpp_classes</Filter>
    </ClInclude>
    <ClInclude Include="bind_classes\expose_hierarchy.h">
      <Filter>bind_classes</Filter>
    </ClInclude>
  </ItemGroup>
  <ItemGroup>
    <ClCompile Include="shared\shared_pointer.cpp">
      <Filter>shared</Filter>
    </ClCompile>
    <ClCompile Include="shared\templated_class.cpp">
      <Filter>shared</Filter>
    </ClCompile>
    <ClCompile Include="..\src\class_from_stack.cpp">
      <Filter>src</Filter>
    </ClCompile>
    <ClCompile Include="..\src\oolua.cpp">
      <Filter>src</Filter>
    </ClCompile>
    <ClCompile Include="..\src\oolua_check_result.cpp">
      <Filter>src</Filter>
    </ClCompile>
    <ClCompile Include="..\src\oolua_chunk.cpp">
      <Filter>src</Filter>
    </ClCompile>
    <ClCompile Include="..\src\oolua_error.cpp">
      <Filter>src</Filter>
    </ClCompile>
    <ClCompile Include="..\src\oolua_exception.cpp">
      <Filter>src</Filter>
    </ClCompile>
    <ClCompile Include="..\src\oolua_function.cpp">
      <Filter>src</Filter>
    </ClCompile>
    <ClCompile Include="..\src\oolua_helpers.cpp">
      <Filter>src</Filter>
    </ClCompile>
    <ClCompile Include="..\src\oolua_open.cpp">
      <Filter>src</Filter>
    </ClCompile>
    <ClCompile Include="..\src\oolua_pull.cpp">
      <Filter>src</Filter>
    </ClCompile>
    <ClCompile Include="..\src\oolua_push.cpp">
      <Filter>src</Filter>
    </ClCompile>
    <ClCompile Include="..\src\oolua_ref.cpp">
      <Filter>src</Filter>
    </ClCompile>
    <ClCompile Include="..\src\oolua_registration.cpp">
      <Filter>src</Filter>
    </ClCompile>
    <ClCompile Include="..\src\oolua_script.cpp">
      <Filter>src</Filter>
    </ClCompile>
    <ClCompile Include="..\src\oolua_stack_dump.cpp">
      <Filter>src</Filter>
    </ClCompile>
    <ClCompile Include="..\src\oolua_string.cpp">
      <Filter>src</Filter>
    </ClCompile>
    <ClCompile Include="..\src\oolua_table.cpp">
      <Filter>src</Filter>
    </ClCompile>
    <ClCompile Include="..\src\proxy_storage.cpp">
      <Filter>src</Filter>
    </ClCompile>
    <ClCompile Include="..\src\push_pointer_internal.cpp">
      <Filter>src</Filter>
    </ClCompile>
    <ClCompile Include="..\src\stack_get.cpp">
      <Filter>src</Filter>
    </ClCompile>
    <ClCompile Include="main.cpp" />
    <ClCompile Include="bind_classes\expose_stub_classes.cpp">
      <Filter>bind_classes</Filter>
    </ClCompile>
    <ClCompile Include="cpp_classes\cpp_constructor_mock.cpp">
      <Filter>cpp_classes</Filter>
    </ClCompile>
    <ClCompile Include="bind_classes\expose_class_constructors.cpp">
      <Filter>bind_classes</Filter>
    </ClCompile>
    <ClCompile Include="bind_classes\expose_class_ops.cpp">
      <Filter>bind_classes</Filter>
    </ClCompile>
    <ClCompile Include="bind_classes\expose_hierarchy.cpp">
      <Filter>bind_classes</Filter>
    </ClCompile>
  </ItemGroup>
</Project>
